// !$*UTF8*$!
{
	archiveVersion = 1;
	classes = {
	};
	objectVersion = 46;
	objects = {

/* Begin PBXBuildFile section */
		4F59BA8D111668D6318601F8 /* Pods_MarvelAppUIKit.framework in Frameworks */ = {isa = PBXBuildFile; fileRef = 066A5B2222C4D681C968D1CE /* Pods_MarvelAppUIKit.framework */; };
		58C7A075C08651A2FFEDCE51 /* MarvelAppUIKitTests.swift in Sources */ = {isa = PBXBuildFile; fileRef = 58C7AF8558EEDEF934CCE324 /* MarvelAppUIKitTests.swift */; };
		58C7A08AC105ADC6AA01CCEB /* HeroDbEntity.swift in Sources */ = {isa = PBXBuildFile; fileRef = 58C7AE672FFD75304020342F /* HeroDbEntity.swift */; };
		58C7A0C5E4BE3EBDE212AACD /* HeroDetailsInteraction.swift in Sources */ = {isa = PBXBuildFile; fileRef = 58C7A811B81C7B5B02CF7229 /* HeroDetailsInteraction.swift */; };
		58C7A12BDD521006DF5689F9 /* AppDelegate.swift in Sources */ = {isa = PBXBuildFile; fileRef = 58C7A880EFDEC141281254E2 /* AppDelegate.swift */; };
		58C7A12F21EB1179349B6B58 /* HeroThumbnail.swift in Sources */ = {isa = PBXBuildFile; fileRef = 58C7A21A02A673AA45895E48 /* HeroThumbnail.swift */; };
		58C7A159385F6E0FC7F2083B /* HeroesApiResponseData.swift in Sources */ = {isa = PBXBuildFile; fileRef = 58C7A1B9BEB244A3D43E9302 /* HeroesApiResponseData.swift */; };
		58C7A24ACC7BF6D0F66BD74B /* HeroeDetailsView.swift in Sources */ = {isa = PBXBuildFile; fileRef = 58C7A65794F36F2D6240D3AE /* HeroeDetailsView.swift */; };
		58C7A2CF0E213AAC89565F8D /* Assets.xcassets in Resources */ = {isa = PBXBuildFile; fileRef = 58C7AD2C8909A8987CF87140 /* Assets.xcassets */; };
		58C7A2F37B1ACF940CA9A520 /* ApiUrlBuilder.swift in Sources */ = {isa = PBXBuildFile; fileRef = 58C7A72167342BBFE2310997 /* ApiUrlBuilder.swift */; };
		58C7A31EE00BD1F5709C63C6 /* AvatarView.swift in Sources */ = {isa = PBXBuildFile; fileRef = 58C7A72B7DE4303E95F7844C /* AvatarView.swift */; };
		58C7A330DD8AA772014B6240 /* HeroesPresenter.swift in Sources */ = {isa = PBXBuildFile; fileRef = 58C7AF425EDF3B5CF58D7F94 /* HeroesPresenter.swift */; };
		58C7A377F4B03E878A79FDCE /* HeroDetailsPresenter.swift in Sources */ = {isa = PBXBuildFile; fileRef = 58C7A9B50229E83A4CED1EFD /* HeroDetailsPresenter.swift */; };
		58C7A38BE30B6CD66A0A19C2 /* DbStorage.swift in Sources */ = {isa = PBXBuildFile; fileRef = 58C7AEE00C7B524088487AF1 /* DbStorage.swift */; };
		58C7A3A09FFDD279A4E2FA8F /* IDbStorage.swift in Sources */ = {isa = PBXBuildFile; fileRef = 58C7A8D2843612FB7844B916 /* IDbStorage.swift */; };
		58C7A45C0DB8525B6723539E /* ApiConstants.swift in Sources */ = {isa = PBXBuildFile; fileRef = 58C7AD7E055F670C92ED93CD /* ApiConstants.swift */; };
		58C7A45FB4A224C2ADB0C62D /* IView.swift in Sources */ = {isa = PBXBuildFile; fileRef = 58C7AE47C0FF08A4F31022E8 /* IView.swift */; };
		58C7A47544921B081D7FC9EC /* HeroesCollectionViewCell.swift in Sources */ = {isa = PBXBuildFile; fileRef = 58C7A60B661E764CAA541074 /* HeroesCollectionViewCell.swift */; };
		58C7A503E320158AF978FD4C /* HeroDetailsModule.swift in Sources */ = {isa = PBXBuildFile; fileRef = 58C7A3E9140A9D5A33BDF560 /* HeroDetailsModule.swift */; };
		58C7A52F84F5CA7C9F939766 /* HeroesInteraction.swift in Sources */ = {isa = PBXBuildFile; fileRef = 58C7A81636324BAE08D749CB /* HeroesInteraction.swift */; };
		58C7A582CCF184881237D380 /* HeroesApiResponse.swift in Sources */ = {isa = PBXBuildFile; fileRef = 58C7AF940F36A2A4277FA4A8 /* HeroesApiResponse.swift */; };
		58C7A5D34AE036AC81234C4F /* StringExtension.swift in Sources */ = {isa = PBXBuildFile; fileRef = 58C7A47ECA1B4E6E442FB43C /* StringExtension.swift */; };
		58C7A66214F16060DD8D0EFD /* DbError.swift in Sources */ = {isa = PBXBuildFile; fileRef = 58C7A02747EC23DA7DE57014 /* DbError.swift */; };
		58C7A68B380636D9A47D2812 /* IError.swift in Sources */ = {isa = PBXBuildFile; fileRef = 58C7AB8F351438F86F4DBE44 /* IError.swift */; };
		58C7A6A059B50D792F2FC6CB /* ApiError.swift in Sources */ = {isa = PBXBuildFile; fileRef = 58C7A0B2770E9E0E4D34D057 /* ApiError.swift */; };
		58C7A6D5715B8BCD9DF71B8D /* IViewProps.swift in Sources */ = {isa = PBXBuildFile; fileRef = 58C7A3C80201DEBE81CE27D4 /* IViewProps.swift */; };
		58C7A72E155011A58136364A /* HeroesCollectionView.swift in Sources */ = {isa = PBXBuildFile; fileRef = 58C7A4946FF70BEBA14FD611 /* HeroesCollectionView.swift */; };
		58C7A7FB8554CA1B7FE5537A /* HeroesService.swift in Sources */ = {isa = PBXBuildFile; fileRef = 58C7A2A6FF85A7CC54A29EC9 /* HeroesService.swift */; };
		58C7A88344DDDE51E6823BE9 /* HeroesFetcher.swift in Sources */ = {isa = PBXBuildFile; fileRef = 58C7AE7A75C0F0D32B6369A7 /* HeroesFetcher.swift */; };
		58C7A8F6E5B32B882870AC7C /* HeroThumbnailDbEntity.swift in Sources */ = {isa = PBXBuildFile; fileRef = 58C7AC69F10CDE94ED65C4F4 /* HeroThumbnailDbEntity.swift */; };
		58C7A9F7DF8513E91F663A60 /* LaunchScreen.storyboard in Resources */ = {isa = PBXBuildFile; fileRef = 58C7A3AA4E61C3DB06270584 /* LaunchScreen.storyboard */; };
		58C7AA8D2EC64AAC8972D6C3 /* HeroesView.swift in Sources */ = {isa = PBXBuildFile; fileRef = 58C7A9FDB71D2B3EC4D7EA61 /* HeroesView.swift */; };
		58C7AB06286DABF70B8ABFA8 /* IInteraction.swift in Sources */ = {isa = PBXBuildFile; fileRef = 58C7A9D1225702C6508044E7 /* IInteraction.swift */; };
		58C7AB3FFF0C1E67E777FCC5 /* IPresenter.swift in Sources */ = {isa = PBXBuildFile; fileRef = 58C7A44402122DF873617CF3 /* IPresenter.swift */; };
		58C7AB9E4F3AE3031B56D79B /* HeroesModule.swift in Sources */ = {isa = PBXBuildFile; fileRef = 58C7A1A68A54DF271A45BEFC /* HeroesModule.swift */; };
		58C7AC6CB8637BD38BB4292B /* IModule.swift in Sources */ = {isa = PBXBuildFile; fileRef = 58C7A2606E33DF7E237F9485 /* IModule.swift */; };
		58C7ACBC9A75D57943E5AD9E /* ImageFetcher.swift in Sources */ = {isa = PBXBuildFile; fileRef = 58C7A489370FB19470811E22 /* ImageFetcher.swift */; };
		58C7ADDE4E821C22D41D2B69 /* ArrayExtension.swift in Sources */ = {isa = PBXBuildFile; fileRef = 58C7A3C34D9888A22522C92B /* ArrayExtension.swift */; };
		58C7AE1507027F177B083C5F /* ApiFetcher.swift in Sources */ = {isa = PBXBuildFile; fileRef = 58C7A5CB12BDF658E5F35083 /* ApiFetcher.swift */; };
		58C7AE72E544ABB66376DDA5 /* Hero.swift in Sources */ = {isa = PBXBuildFile; fileRef = 58C7A6DFC83EB0C19789353D /* Hero.swift */; };
		58C7AE86EF3CF52ADB5F7BBD /* ApiRequestType.swift in Sources */ = {isa = PBXBuildFile; fileRef = 58C7A0E62110ABCBA510A202 /* ApiRequestType.swift */; };
		58C7AF36D984D1E1DA61A4EB /* MarvelAppUIKitUITests.swift in Sources */ = {isa = PBXBuildFile; fileRef = 58C7AE0187E6E6A9180FD093 /* MarvelAppUIKitUITests.swift */; };
		58C7AFA0D50FBCF59B9682D2 /* SceneDelegate.swift in Sources */ = {isa = PBXBuildFile; fileRef = 58C7A5001B61A5450C68547F /* SceneDelegate.swift */; };
		627FFD88FF0DFF6DF9AA4DC7 /* Pods_MarvelAppUIKit_MarvelAppUIKitUITests.framework in Frameworks */ = {isa = PBXBuildFile; fileRef = 756310B4B45AC525251D5C16 /* Pods_MarvelAppUIKit_MarvelAppUIKitUITests.framework */; };
		D28147FD16A9240A48A87767 /* Pods_MarvelAppUIKitTests.framework in Frameworks */ = {isa = PBXBuildFile; fileRef = 1F87416AE9998835B4733DF3 /* Pods_MarvelAppUIKitTests.framework */; };
/* End PBXBuildFile section */

/* Begin PBXContainerItemProxy section */
		58C7A546D68BAB25B5C741E0 /* PBXContainerItemProxy */ = {
			isa = PBXContainerItemProxy;
			containerPortal = 58C7A3CEC3CDF04F543CD07C /* Project object */;
			proxyType = 1;
			remoteGlobalIDString = 58C7AB4CE7A43FCD2A8CDA1D;
			remoteInfo = MarvelAppUIKit;
		};
		58C7AA064042784AD6E302C0 /* PBXContainerItemProxy */ = {
			isa = PBXContainerItemProxy;
			containerPortal = 58C7A3CEC3CDF04F543CD07C /* Project object */;
			proxyType = 1;
			remoteGlobalIDString = 58C7AB4CE7A43FCD2A8CDA1D;
			remoteInfo = MarvelAppUIKit;
		};
/* End PBXContainerItemProxy section */

/* Begin PBXFileReference section */
		066A5B2222C4D681C968D1CE /* Pods_MarvelAppUIKit.framework */ = {isa = PBXFileReference; explicitFileType = wrapper.framework; includeInIndex = 0; path = Pods_MarvelAppUIKit.framework; sourceTree = BUILT_PRODUCTS_DIR; };
		06835DC24CD3CA3903998471 /* Pods-MarvelAppUIKit-MarvelAppUIKitUITests.debug.xcconfig */ = {isa = PBXFileReference; includeInIndex = 1; lastKnownFileType = text.xcconfig; name = "Pods-MarvelAppUIKit-MarvelAppUIKitUITests.debug.xcconfig"; path = "Target Support Files/Pods-MarvelAppUIKit-MarvelAppUIKitUITests/Pods-MarvelAppUIKit-MarvelAppUIKitUITests.debug.xcconfig"; sourceTree = "<group>"; };
		1F87416AE9998835B4733DF3 /* Pods_MarvelAppUIKitTests.framework */ = {isa = PBXFileReference; explicitFileType = wrapper.framework; includeInIndex = 0; path = Pods_MarvelAppUIKitTests.framework; sourceTree = BUILT_PRODUCTS_DIR; };
		2833A9E1A8E06F63F14353AB /* Pods-MarvelAppUIKit.debug.xcconfig */ = {isa = PBXFileReference; includeInIndex = 1; lastKnownFileType = text.xcconfig; name = "Pods-MarvelAppUIKit.debug.xcconfig"; path = "Target Support Files/Pods-MarvelAppUIKit/Pods-MarvelAppUIKit.debug.xcconfig"; sourceTree = "<group>"; };
		2D3DF1BB0EA9B14D9F5D7587 /* Pods-MarvelAppUIKitTests.release.xcconfig */ = {isa = PBXFileReference; includeInIndex = 1; lastKnownFileType = text.xcconfig; name = "Pods-MarvelAppUIKitTests.release.xcconfig"; path = "Target Support Files/Pods-MarvelAppUIKitTests/Pods-MarvelAppUIKitTests.release.xcconfig"; sourceTree = "<group>"; };
		57B1F3093C83933304366230 /* Pods-MarvelAppUIKitTests.debug.xcconfig */ = {isa = PBXFileReference; includeInIndex = 1; lastKnownFileType = text.xcconfig; name = "Pods-MarvelAppUIKitTests.debug.xcconfig"; path = "Target Support Files/Pods-MarvelAppUIKitTests/Pods-MarvelAppUIKitTests.debug.xcconfig"; sourceTree = "<group>"; };
		58C7A02747EC23DA7DE57014 /* DbError.swift */ = {isa = PBXFileReference; fileEncoding = 4; lastKnownFileType = sourcecode.swift; path = DbError.swift; sourceTree = "<group>"; };
		58C7A0416BD84503974675ED /* Info.plist */ = {isa = PBXFileReference; lastKnownFileType = text.plist.info; path = Info.plist; sourceTree = "<group>"; };
		58C7A0B2770E9E0E4D34D057 /* ApiError.swift */ = {isa = PBXFileReference; fileEncoding = 4; lastKnownFileType = sourcecode.swift; path = ApiError.swift; sourceTree = "<group>"; };
		58C7A0E62110ABCBA510A202 /* ApiRequestType.swift */ = {isa = PBXFileReference; fileEncoding = 4; lastKnownFileType = sourcecode.swift; path = ApiRequestType.swift; sourceTree = "<group>"; };
		58C7A1A68A54DF271A45BEFC /* HeroesModule.swift */ = {isa = PBXFileReference; fileEncoding = 4; lastKnownFileType = sourcecode.swift; path = HeroesModule.swift; sourceTree = "<group>"; };
		58C7A1B9BEB244A3D43E9302 /* HeroesApiResponseData.swift */ = {isa = PBXFileReference; fileEncoding = 4; lastKnownFileType = sourcecode.swift; path = HeroesApiResponseData.swift; sourceTree = "<group>"; };
		58C7A21A02A673AA45895E48 /* HeroThumbnail.swift */ = {isa = PBXFileReference; fileEncoding = 4; lastKnownFileType = sourcecode.swift; path = HeroThumbnail.swift; sourceTree = "<group>"; };
		58C7A2606E33DF7E237F9485 /* IModule.swift */ = {isa = PBXFileReference; fileEncoding = 4; lastKnownFileType = sourcecode.swift; path = IModule.swift; sourceTree = "<group>"; };
		58C7A2A6FF85A7CC54A29EC9 /* HeroesService.swift */ = {isa = PBXFileReference; fileEncoding = 4; lastKnownFileType = sourcecode.swift; path = HeroesService.swift; sourceTree = "<group>"; };
		58C7A3C34D9888A22522C92B /* ArrayExtension.swift */ = {isa = PBXFileReference; fileEncoding = 4; lastKnownFileType = sourcecode.swift; path = ArrayExtension.swift; sourceTree = "<group>"; };
		58C7A3C80201DEBE81CE27D4 /* IViewProps.swift */ = {isa = PBXFileReference; fileEncoding = 4; lastKnownFileType = sourcecode.swift; path = IViewProps.swift; sourceTree = "<group>"; };
		58C7A3E9140A9D5A33BDF560 /* HeroDetailsModule.swift */ = {isa = PBXFileReference; fileEncoding = 4; lastKnownFileType = sourcecode.swift; path = HeroDetailsModule.swift; sourceTree = "<group>"; };
		58C7A44402122DF873617CF3 /* IPresenter.swift */ = {isa = PBXFileReference; fileEncoding = 4; lastKnownFileType = sourcecode.swift; path = IPresenter.swift; sourceTree = "<group>"; };
		58C7A47ECA1B4E6E442FB43C /* StringExtension.swift */ = {isa = PBXFileReference; fileEncoding = 4; lastKnownFileType = sourcecode.swift; path = StringExtension.swift; sourceTree = "<group>"; };
		58C7A489370FB19470811E22 /* ImageFetcher.swift */ = {isa = PBXFileReference; fileEncoding = 4; lastKnownFileType = sourcecode.swift; path = ImageFetcher.swift; sourceTree = "<group>"; };
		58C7A4946FF70BEBA14FD611 /* HeroesCollectionView.swift */ = {isa = PBXFileReference; fileEncoding = 4; lastKnownFileType = sourcecode.swift; path = HeroesCollectionView.swift; sourceTree = "<group>"; };
		58C7A5001B61A5450C68547F /* SceneDelegate.swift */ = {isa = PBXFileReference; lastKnownFileType = sourcecode.swift; path = SceneDelegate.swift; sourceTree = "<group>"; };
		58C7A5CB12BDF658E5F35083 /* ApiFetcher.swift */ = {isa = PBXFileReference; fileEncoding = 4; lastKnownFileType = sourcecode.swift; path = ApiFetcher.swift; sourceTree = "<group>"; };
		58C7A60B661E764CAA541074 /* HeroesCollectionViewCell.swift */ = {isa = PBXFileReference; fileEncoding = 4; lastKnownFileType = sourcecode.swift; path = HeroesCollectionViewCell.swift; sourceTree = "<group>"; };
		58C7A65794F36F2D6240D3AE /* HeroeDetailsView.swift */ = {isa = PBXFileReference; fileEncoding = 4; lastKnownFileType = sourcecode.swift; path = HeroeDetailsView.swift; sourceTree = "<group>"; };
		58C7A6DFC83EB0C19789353D /* Hero.swift */ = {isa = PBXFileReference; fileEncoding = 4; lastKnownFileType = sourcecode.swift; path = Hero.swift; sourceTree = "<group>"; };
		58C7A72167342BBFE2310997 /* ApiUrlBuilder.swift */ = {isa = PBXFileReference; fileEncoding = 4; lastKnownFileType = sourcecode.swift; path = ApiUrlBuilder.swift; sourceTree = "<group>"; };
		58C7A72B7DE4303E95F7844C /* AvatarView.swift */ = {isa = PBXFileReference; fileEncoding = 4; lastKnownFileType = sourcecode.swift; path = AvatarView.swift; sourceTree = "<group>"; };
		58C7A811B81C7B5B02CF7229 /* HeroDetailsInteraction.swift */ = {isa = PBXFileReference; fileEncoding = 4; lastKnownFileType = sourcecode.swift; path = HeroDetailsInteraction.swift; sourceTree = "<group>"; };
		58C7A81636324BAE08D749CB /* HeroesInteraction.swift */ = {isa = PBXFileReference; fileEncoding = 4; lastKnownFileType = sourcecode.swift; path = HeroesInteraction.swift; sourceTree = "<group>"; };
		58C7A880EFDEC141281254E2 /* AppDelegate.swift */ = {isa = PBXFileReference; lastKnownFileType = sourcecode.swift; path = AppDelegate.swift; sourceTree = "<group>"; };
		58C7A8D2843612FB7844B916 /* IDbStorage.swift */ = {isa = PBXFileReference; fileEncoding = 4; lastKnownFileType = sourcecode.swift; path = IDbStorage.swift; sourceTree = "<group>"; };
		58C7A9B50229E83A4CED1EFD /* HeroDetailsPresenter.swift */ = {isa = PBXFileReference; fileEncoding = 4; lastKnownFileType = sourcecode.swift; path = HeroDetailsPresenter.swift; sourceTree = "<group>"; };
		58C7A9C2C6FBEC894ED3E13A /* MarvelAppUIKitTests.xctest */ = {isa = PBXFileReference; explicitFileType = wrapper.cfbundle; includeInIndex = 0; path = MarvelAppUIKitTests.xctest; sourceTree = BUILT_PRODUCTS_DIR; };
		58C7A9D1225702C6508044E7 /* IInteraction.swift */ = {isa = PBXFileReference; fileEncoding = 4; lastKnownFileType = sourcecode.swift; path = IInteraction.swift; sourceTree = "<group>"; };
		58C7A9D35A427805ED3B3483 /* MarvelAppUIKit.app */ = {isa = PBXFileReference; explicitFileType = wrapper.application; includeInIndex = 0; path = MarvelAppUIKit.app; sourceTree = BUILT_PRODUCTS_DIR; };
		58C7A9FDB71D2B3EC4D7EA61 /* HeroesView.swift */ = {isa = PBXFileReference; fileEncoding = 4; lastKnownFileType = sourcecode.swift; path = HeroesView.swift; sourceTree = "<group>"; };
		58C7AA234BE757A25432F462 /* Info.plist */ = {isa = PBXFileReference; lastKnownFileType = text.plist.info; path = Info.plist; sourceTree = "<group>"; };
		58C7AB8F351438F86F4DBE44 /* IError.swift */ = {isa = PBXFileReference; fileEncoding = 4; lastKnownFileType = sourcecode.swift; path = IError.swift; sourceTree = "<group>"; };
		58C7AC69F10CDE94ED65C4F4 /* HeroThumbnailDbEntity.swift */ = {isa = PBXFileReference; fileEncoding = 4; lastKnownFileType = sourcecode.swift; path = HeroThumbnailDbEntity.swift; sourceTree = "<group>"; };
		58C7AD2C8909A8987CF87140 /* Assets.xcassets */ = {isa = PBXFileReference; lastKnownFileType = folder.assetcatalog; path = Assets.xcassets; sourceTree = "<group>"; };
		58C7AD7E055F670C92ED93CD /* ApiConstants.swift */ = {isa = PBXFileReference; fileEncoding = 4; lastKnownFileType = sourcecode.swift; path = ApiConstants.swift; sourceTree = "<group>"; };
		58C7AE0187E6E6A9180FD093 /* MarvelAppUIKitUITests.swift */ = {isa = PBXFileReference; lastKnownFileType = sourcecode.swift; path = MarvelAppUIKitUITests.swift; sourceTree = "<group>"; };
		58C7AE03FA88961BD458EC4A /* Base */ = {isa = PBXFileReference; lastKnownFileType = file.storyboard; name = Base; path = Base.lproj/LaunchScreen.storyboard; sourceTree = "<group>"; };
		58C7AE47C0FF08A4F31022E8 /* IView.swift */ = {isa = PBXFileReference; fileEncoding = 4; lastKnownFileType = sourcecode.swift; path = IView.swift; sourceTree = "<group>"; };
		58C7AE672FFD75304020342F /* HeroDbEntity.swift */ = {isa = PBXFileReference; fileEncoding = 4; lastKnownFileType = sourcecode.swift; path = HeroDbEntity.swift; sourceTree = "<group>"; };
		58C7AE7A75C0F0D32B6369A7 /* HeroesFetcher.swift */ = {isa = PBXFileReference; fileEncoding = 4; lastKnownFileType = sourcecode.swift; path = HeroesFetcher.swift; sourceTree = "<group>"; };
		58C7AE82B6401EAAEAA78113 /* Info.plist */ = {isa = PBXFileReference; lastKnownFileType = text.plist.info; path = Info.plist; sourceTree = "<group>"; };
		58C7AEE00C7B524088487AF1 /* DbStorage.swift */ = {isa = PBXFileReference; fileEncoding = 4; lastKnownFileType = sourcecode.swift; path = DbStorage.swift; sourceTree = "<group>"; };
		58C7AF425EDF3B5CF58D7F94 /* HeroesPresenter.swift */ = {isa = PBXFileReference; fileEncoding = 4; lastKnownFileType = sourcecode.swift; path = HeroesPresenter.swift; sourceTree = "<group>"; };
		58C7AF8558EEDEF934CCE324 /* MarvelAppUIKitTests.swift */ = {isa = PBXFileReference; lastKnownFileType = sourcecode.swift; path = MarvelAppUIKitTests.swift; sourceTree = "<group>"; };
		58C7AF940F36A2A4277FA4A8 /* HeroesApiResponse.swift */ = {isa = PBXFileReference; fileEncoding = 4; lastKnownFileType = sourcecode.swift; path = HeroesApiResponse.swift; sourceTree = "<group>"; };
		58C7AFDDD9077A84BDF3D4F2 /* MarvelAppUIKitUITests.xctest */ = {isa = PBXFileReference; explicitFileType = wrapper.cfbundle; includeInIndex = 0; path = MarvelAppUIKitUITests.xctest; sourceTree = BUILT_PRODUCTS_DIR; };
		756310B4B45AC525251D5C16 /* Pods_MarvelAppUIKit_MarvelAppUIKitUITests.framework */ = {isa = PBXFileReference; explicitFileType = wrapper.framework; includeInIndex = 0; path = Pods_MarvelAppUIKit_MarvelAppUIKitUITests.framework; sourceTree = BUILT_PRODUCTS_DIR; };
		9F87B31D48940E605E8761C6 /* Pods-MarvelAppUIKit-MarvelAppUIKitUITests.release.xcconfig */ = {isa = PBXFileReference; includeInIndex = 1; lastKnownFileType = text.xcconfig; name = "Pods-MarvelAppUIKit-MarvelAppUIKitUITests.release.xcconfig"; path = "Target Support Files/Pods-MarvelAppUIKit-MarvelAppUIKitUITests/Pods-MarvelAppUIKit-MarvelAppUIKitUITests.release.xcconfig"; sourceTree = "<group>"; };
		E4F4A7950BE15C552215BF09 /* Pods-MarvelAppUIKit.release.xcconfig */ = {isa = PBXFileReference; includeInIndex = 1; lastKnownFileType = text.xcconfig; name = "Pods-MarvelAppUIKit.release.xcconfig"; path = "Target Support Files/Pods-MarvelAppUIKit/Pods-MarvelAppUIKit.release.xcconfig"; sourceTree = "<group>"; };
/* End PBXFileReference section */

/* Begin PBXFrameworksBuildPhase section */
		58C7A2554D0C2AF85F5CBA22 /* Frameworks */ = {
			isa = PBXFrameworksBuildPhase;
			buildActionMask = 2147483647;
			files = (
				D28147FD16A9240A48A87767 /* Pods_MarvelAppUIKitTests.framework in Frameworks */,
			);
			runOnlyForDeploymentPostprocessing = 0;
		};
		58C7A3E3BAABA895DF749B55 /* Frameworks */ = {
			isa = PBXFrameworksBuildPhase;
			buildActionMask = 2147483647;
			files = (
				4F59BA8D111668D6318601F8 /* Pods_MarvelAppUIKit.framework in Frameworks */,
			);
			runOnlyForDeploymentPostprocessing = 0;
		};
		58C7AB52F7254A07EC4D41F3 /* Frameworks */ = {
			isa = PBXFrameworksBuildPhase;
			buildActionMask = 2147483647;
			files = (
				627FFD88FF0DFF6DF9AA4DC7 /* Pods_MarvelAppUIKit_MarvelAppUIKitUITests.framework in Frameworks */,
			);
			runOnlyForDeploymentPostprocessing = 0;
		};
/* End PBXFrameworksBuildPhase section */

/* Begin PBXGroup section */
		58C7A1336AC96A64F2CBED3C /* Entities */ = {
			isa = PBXGroup;
			children = (
				58C7A6DFC83EB0C19789353D /* Hero.swift */,
				58C7A21A02A673AA45895E48 /* HeroThumbnail.swift */,
				58C7AF940F36A2A4277FA4A8 /* HeroesApiResponse.swift */,
				58C7A1B9BEB244A3D43E9302 /* HeroesApiResponseData.swift */,
			);
			path = Entities;
			sourceTree = "<group>";
		};
		58C7A1C0B04496A10FC05257 /* Entities */ = {
			isa = PBXGroup;
			children = (
				58C7AE672FFD75304020342F /* HeroDbEntity.swift */,
				58C7AC69F10CDE94ED65C4F4 /* HeroThumbnailDbEntity.swift */,
			);
			path = Entities;
			sourceTree = "<group>";
		};
		58C7A1D91C62061CA4A135C6 /* Utils */ = {
			isa = PBXGroup;
			children = (
				58C7ADD26FC6A104CD083E3F /* Viper */,
				58C7A4D641EDA337F163D6EB /* Extensions */,
			);
			path = Utils;
			sourceTree = "<group>";
		};
		58C7A29ADA04F882619AE009 = {
			isa = PBXGroup;
			children = (
				58C7A2F7B9141477B979D8B3 /* Products */,
				58C7AFD0D34EECA0428FA14C /* MarvelAppUIKit */,
				58C7AA682E3029174F261742 /* MarvelAppUIKitTests */,
				58C7A7BAD6A7E482503D15F9 /* MarvelAppUIKitUITests */,
				E73B8901CE1A498C190F9C0B /* Pods */,
				9C79A26A31512F027BAEFD56 /* Frameworks */,
			);
			sourceTree = "<group>";
		};
		58C7A2F7B9141477B979D8B3 /* Products */ = {
			isa = PBXGroup;
			children = (
				58C7A9D35A427805ED3B3483 /* MarvelAppUIKit.app */,
				58C7A9C2C6FBEC894ED3E13A /* MarvelAppUIKitTests.xctest */,
				58C7AFDDD9077A84BDF3D4F2 /* MarvelAppUIKitUITests.xctest */,
			);
			name = Products;
			sourceTree = "<group>";
		};
		58C7A365707E9820ACA69B5B /* HeroDetails */ = {
			isa = PBXGroup;
			children = (
				58C7A65794F36F2D6240D3AE /* HeroeDetailsView.swift */,
				58C7A3E9140A9D5A33BDF560 /* HeroDetailsModule.swift */,
				58C7A811B81C7B5B02CF7229 /* HeroDetailsInteraction.swift */,
				58C7A9B50229E83A4CED1EFD /* HeroDetailsPresenter.swift */,
			);
			path = HeroDetails;
			sourceTree = "<group>";
		};
		58C7A43A57F7E276159101F7 /* Avatar */ = {
			isa = PBXGroup;
			children = (
				58C7A72B7DE4303E95F7844C /* AvatarView.swift */,
			);
			path = Avatar;
			sourceTree = "<group>";
		};
		58C7A46E243719736D76824F /* SubViews */ = {
			isa = PBXGroup;
			children = (
				58C7A4946FF70BEBA14FD611 /* HeroesCollectionView.swift */,
				58C7A60B661E764CAA541074 /* HeroesCollectionViewCell.swift */,
			);
			path = SubViews;
			sourceTree = "<group>";
		};
		58C7A4D641EDA337F163D6EB /* Extensions */ = {
			isa = PBXGroup;
			children = (
				58C7A47ECA1B4E6E442FB43C /* StringExtension.swift */,
				58C7A3C34D9888A22522C92B /* ArrayExtension.swift */,
			);
			name = Extensions;
			path = MarvelAppUIKit/Extensions;
			sourceTree = SOURCE_ROOT;
		};
		58C7A5142D774D1A1A5E4574 /* Errors */ = {
			isa = PBXGroup;
			children = (
				58C7A0B2770E9E0E4D34D057 /* ApiError.swift */,
				58C7AB8F351438F86F4DBE44 /* IError.swift */,
				58C7A02747EC23DA7DE57014 /* DbError.swift */,
			);
			path = Errors;
			sourceTree = "<group>";
		};
		58C7A5537C490FB893417CAA /* UIComponents */ = {
			isa = PBXGroup;
			children = (
				58C7A43A57F7E276159101F7 /* Avatar */,
			);
			path = UIComponents;
			sourceTree = "<group>";
		};
		58C7A75D6713EF752077CF24 /* Modules */ = {
			isa = PBXGroup;
			children = (
				58C7A8657432744794E1370A /* Heroes */,
				58C7A5537C490FB893417CAA /* UIComponents */,
				58C7A365707E9820ACA69B5B /* HeroDetails */,
			);
			path = Modules;
			sourceTree = "<group>";
		};
		58C7A7BAD6A7E482503D15F9 /* MarvelAppUIKitUITests */ = {
			isa = PBXGroup;
			children = (
				58C7AE82B6401EAAEAA78113 /* Info.plist */,
				58C7AE0187E6E6A9180FD093 /* MarvelAppUIKitUITests.swift */,
			);
			path = MarvelAppUIKitUITests;
			sourceTree = "<group>";
		};
		58C7A8657432744794E1370A /* Heroes */ = {
			isa = PBXGroup;
			children = (
				58C7A1A68A54DF271A45BEFC /* HeroesModule.swift */,
				58C7A9FDB71D2B3EC4D7EA61 /* HeroesView.swift */,
				58C7AF425EDF3B5CF58D7F94 /* HeroesPresenter.swift */,
				58C7A81636324BAE08D749CB /* HeroesInteraction.swift */,
				58C7A46E243719736D76824F /* SubViews */,
			);
			path = Heroes;
			sourceTree = "<group>";
		};
		58C7A8CC08ABC56F065723C6 /* Services */ = {
			isa = PBXGroup;
			children = (
				58C7A2A6FF85A7CC54A29EC9 /* HeroesService.swift */,
			);
			path = Services;
			sourceTree = "<group>";
		};
		58C7A9815C1EE2CDDE423F41 /* ImageFetcher */ = {
			isa = PBXGroup;
			children = (
				58C7A489370FB19470811E22 /* ImageFetcher.swift */,
			);
			path = ImageFetcher;
			sourceTree = "<group>";
		};
		58C7AA5EFCB5491D8EDA30E2 /* Database */ = {
			isa = PBXGroup;
			children = (
				58C7AEE00C7B524088487AF1 /* DbStorage.swift */,
				58C7A1C0B04496A10FC05257 /* Entities */,
				58C7A8D2843612FB7844B916 /* IDbStorage.swift */,
			);
			path = Database;
			sourceTree = "<group>";
		};
		58C7AA682E3029174F261742 /* MarvelAppUIKitTests */ = {
			isa = PBXGroup;
			children = (
				58C7AA234BE757A25432F462 /* Info.plist */,
				58C7AF8558EEDEF934CCE324 /* MarvelAppUIKitTests.swift */,
			);
			path = MarvelAppUIKitTests;
			sourceTree = "<group>";
		};
		58C7ACBFC70C6541766DC6F4 /* Api */ = {
			isa = PBXGroup;
			children = (
				58C7A5CB12BDF658E5F35083 /* ApiFetcher.swift */,
				58C7A0E62110ABCBA510A202 /* ApiRequestType.swift */,
				58C7AD7E055F670C92ED93CD /* ApiConstants.swift */,
				58C7A72167342BBFE2310997 /* ApiUrlBuilder.swift */,
				58C7AE1EDC389D4503039E9D /* HeroesFetcher */,
				58C7A1336AC96A64F2CBED3C /* Entities */,
				58C7A9815C1EE2CDDE423F41 /* ImageFetcher */,
			);
			path = Api;
			sourceTree = "<group>";
		};
		58C7ADD26FC6A104CD083E3F /* Viper */ = {
			isa = PBXGroup;
			children = (
				58C7A2606E33DF7E237F9485 /* IModule.swift */,
				58C7A44402122DF873617CF3 /* IPresenter.swift */,
				58C7A9D1225702C6508044E7 /* IInteraction.swift */,
				58C7AE47C0FF08A4F31022E8 /* IView.swift */,
				58C7A3C80201DEBE81CE27D4 /* IViewProps.swift */,
			);
			path = Viper;
			sourceTree = "<group>";
		};
		58C7AE1EDC389D4503039E9D /* HeroesFetcher */ = {
			isa = PBXGroup;
			children = (
				58C7AE7A75C0F0D32B6369A7 /* HeroesFetcher.swift */,
			);
			path = HeroesFetcher;
			sourceTree = "<group>";
		};
		58C7AFD0D34EECA0428FA14C /* MarvelAppUIKit */ = {
			isa = PBXGroup;
			children = (
				58C7A0416BD84503974675ED /* Info.plist */,
				58C7AD2C8909A8987CF87140 /* Assets.xcassets */,
				58C7A880EFDEC141281254E2 /* AppDelegate.swift */,
				58C7A3AA4E61C3DB06270584 /* LaunchScreen.storyboard */,
				58C7A5001B61A5450C68547F /* SceneDelegate.swift */,
				58C7A1D91C62061CA4A135C6 /* Utils */,
				58C7A75D6713EF752077CF24 /* Modules */,
				58C7ACBFC70C6541766DC6F4 /* Api */,
				58C7A8CC08ABC56F065723C6 /* Services */,
				58C7AA5EFCB5491D8EDA30E2 /* Database */,
				58C7A5142D774D1A1A5E4574 /* Errors */,
			);
			path = MarvelAppUIKit;
			sourceTree = "<group>";
		};
		9C79A26A31512F027BAEFD56 /* Frameworks */ = {
			isa = PBXGroup;
			children = (
				066A5B2222C4D681C968D1CE /* Pods_MarvelAppUIKit.framework */,
				756310B4B45AC525251D5C16 /* Pods_MarvelAppUIKit_MarvelAppUIKitUITests.framework */,
				1F87416AE9998835B4733DF3 /* Pods_MarvelAppUIKitTests.framework */,
			);
			name = Frameworks;
			sourceTree = "<group>";
		};
		E73B8901CE1A498C190F9C0B /* Pods */ = {
			isa = PBXGroup;
			children = (
				2833A9E1A8E06F63F14353AB /* Pods-MarvelAppUIKit.debug.xcconfig */,
				E4F4A7950BE15C552215BF09 /* Pods-MarvelAppUIKit.release.xcconfig */,
				06835DC24CD3CA3903998471 /* Pods-MarvelAppUIKit-MarvelAppUIKitUITests.debug.xcconfig */,
				9F87B31D48940E605E8761C6 /* Pods-MarvelAppUIKit-MarvelAppUIKitUITests.release.xcconfig */,
				57B1F3093C83933304366230 /* Pods-MarvelAppUIKitTests.debug.xcconfig */,
				2D3DF1BB0EA9B14D9F5D7587 /* Pods-MarvelAppUIKitTests.release.xcconfig */,
			);
			name = Pods;
			path = Pods;
			sourceTree = "<group>";
		};
/* End PBXGroup section */

/* Begin PBXNativeTarget section */
		58C7A7D5DBF4D0496C78946B /* MarvelAppUIKitTests */ = {
			isa = PBXNativeTarget;
			buildConfigurationList = 58C7A186BF9C840BFA53B5C5 /* Build configuration list for PBXNativeTarget "MarvelAppUIKitTests" */;
			buildPhases = (
				D7CCDE505B8698C1D7F00E24 /* [CP] Check Pods Manifest.lock */,
				58C7ADE31F039C2EE2AA4533 /* Sources */,
				58C7A2554D0C2AF85F5CBA22 /* Frameworks */,
				58C7A5E79C5B6B5CDC8D68EC /* Resources */,
			);
			buildRules = (
			);
			dependencies = (
				58C7A27D1E36995D6B10D058 /* PBXTargetDependency */,
			);
			name = MarvelAppUIKitTests;
			productName = MarvelAppUIKitTests;
			productReference = 58C7A9C2C6FBEC894ED3E13A /* MarvelAppUIKitTests.xctest */;
			productType = "com.apple.product-type.bundle.unit-test";
		};
		58C7AB4CE7A43FCD2A8CDA1D /* MarvelAppUIKit */ = {
			isa = PBXNativeTarget;
			buildConfigurationList = 58C7A5B895966AAB247DF0E9 /* Build configuration list for PBXNativeTarget "MarvelAppUIKit" */;
			buildPhases = (
				0C2ECBEAE45575D41B8D2C47 /* [CP] Check Pods Manifest.lock */,
				58C7A4482FF6BA5958282561 /* Sources */,
				58C7A3E3BAABA895DF749B55 /* Frameworks */,
				58C7A88B8C202888504CC0A6 /* Resources */,
				8FA3B7E310732F2237A68B87 /* [CP] Embed Pods Frameworks */,
			);
			buildRules = (
			);
			dependencies = (
			);
			name = MarvelAppUIKit;
			productName = MarvelAppUIKit;
			productReference = 58C7A9D35A427805ED3B3483 /* MarvelAppUIKit.app */;
			productType = "com.apple.product-type.application";
		};
		58C7ADF76C4F70EB71E0C8CC /* MarvelAppUIKitUITests */ = {
			isa = PBXNativeTarget;
			buildConfigurationList = 58C7A9C7A3B32FBE902227FD /* Build configuration list for PBXNativeTarget "MarvelAppUIKitUITests" */;
			buildPhases = (
				88239B647604AB92C3891E31 /* [CP] Check Pods Manifest.lock */,
				58C7AEFB197C8A51463BDB0F /* Sources */,
				58C7AB52F7254A07EC4D41F3 /* Frameworks */,
				58C7A83D84488181837C8B55 /* Resources */,
				8E0D9227DDB6D414EEEE933D /* [CP] Embed Pods Frameworks */,
			);
			buildRules = (
			);
			dependencies = (
				58C7A047E42FE654F4B04AD9 /* PBXTargetDependency */,
			);
			name = MarvelAppUIKitUITests;
			productName = MarvelAppUIKitUITests;
			productReference = 58C7AFDDD9077A84BDF3D4F2 /* MarvelAppUIKitUITests.xctest */;
			productType = "com.apple.product-type.bundle.ui-testing";
		};
/* End PBXNativeTarget section */

/* Begin PBXProject section */
		58C7A3CEC3CDF04F543CD07C /* Project object */ = {
			isa = PBXProject;
			buildConfigurationList = 58C7AE610016A80A389CFABF /* Build configuration list for PBXProject "MarvelAppUIKit" */;
			compatibilityVersion = "Xcode 3.2";
			developmentRegion = English;
			hasScannedForEncodings = 0;
			knownRegions = (
				en,
			);
			mainGroup = 58C7A29ADA04F882619AE009;
			productRefGroup = 58C7A2F7B9141477B979D8B3 /* Products */;
			projectDirPath = "";
			projectRoot = "";
			targets = (
				58C7AB4CE7A43FCD2A8CDA1D /* MarvelAppUIKit */,
				58C7A7D5DBF4D0496C78946B /* MarvelAppUIKitTests */,
				58C7ADF76C4F70EB71E0C8CC /* MarvelAppUIKitUITests */,
			);
		};
/* End PBXProject section */

/* Begin PBXResourcesBuildPhase section */
		58C7A5E79C5B6B5CDC8D68EC /* Resources */ = {
			isa = PBXResourcesBuildPhase;
			buildActionMask = 2147483647;
			files = (
			);
			runOnlyForDeploymentPostprocessing = 0;
		};
		58C7A83D84488181837C8B55 /* Resources */ = {
			isa = PBXResourcesBuildPhase;
			buildActionMask = 2147483647;
			files = (
			);
			runOnlyForDeploymentPostprocessing = 0;
		};
		58C7A88B8C202888504CC0A6 /* Resources */ = {
			isa = PBXResourcesBuildPhase;
			buildActionMask = 2147483647;
			files = (
				58C7A2CF0E213AAC89565F8D /* Assets.xcassets in Resources */,
				58C7A9F7DF8513E91F663A60 /* LaunchScreen.storyboard in Resources */,
			);
			runOnlyForDeploymentPostprocessing = 0;
		};
/* End PBXResourcesBuildPhase section */

/* Begin PBXShellScriptBuildPhase section */
		0C2ECBEAE45575D41B8D2C47 /* [CP] Check Pods Manifest.lock */ = {
			isa = PBXShellScriptBuildPhase;
			buildActionMask = 2147483647;
			files = (
			);
			inputFileListPaths = (
			);
			inputPaths = (
				"${PODS_PODFILE_DIR_PATH}/Podfile.lock",
				"${PODS_ROOT}/Manifest.lock",
			);
			name = "[CP] Check Pods Manifest.lock";
			outputFileListPaths = (
			);
			outputPaths = (
				"$(DERIVED_FILE_DIR)/Pods-MarvelAppUIKit-checkManifestLockResult.txt",
			);
			runOnlyForDeploymentPostprocessing = 0;
			shellPath = /bin/sh;
			shellScript = "diff \"${PODS_PODFILE_DIR_PATH}/Podfile.lock\" \"${PODS_ROOT}/Manifest.lock\" > /dev/null\nif [ $? != 0 ] ; then\n    # print error to STDERR\n    echo \"error: The sandbox is not in sync with the Podfile.lock. Run 'pod install' or update your CocoaPods installation.\" >&2\n    exit 1\nfi\n# This output is used by Xcode 'outputs' to avoid re-running this script phase.\necho \"SUCCESS\" > \"${SCRIPT_OUTPUT_FILE_0}\"\n";
			showEnvVarsInLog = 0;
		};
		88239B647604AB92C3891E31 /* [CP] Check Pods Manifest.lock */ = {
			isa = PBXShellScriptBuildPhase;
			buildActionMask = 2147483647;
			files = (
			);
			inputFileListPaths = (
			);
			inputPaths = (
				"${PODS_PODFILE_DIR_PATH}/Podfile.lock",
				"${PODS_ROOT}/Manifest.lock",
			);
			name = "[CP] Check Pods Manifest.lock";
			outputFileListPaths = (
			);
			outputPaths = (
				"$(DERIVED_FILE_DIR)/Pods-MarvelAppUIKit-MarvelAppUIKitUITests-checkManifestLockResult.txt",
			);
			runOnlyForDeploymentPostprocessing = 0;
			shellPath = /bin/sh;
			shellScript = "diff \"${PODS_PODFILE_DIR_PATH}/Podfile.lock\" \"${PODS_ROOT}/Manifest.lock\" > /dev/null\nif [ $? != 0 ] ; then\n    # print error to STDERR\n    echo \"error: The sandbox is not in sync with the Podfile.lock. Run 'pod install' or update your CocoaPods installation.\" >&2\n    exit 1\nfi\n# This output is used by Xcode 'outputs' to avoid re-running this script phase.\necho \"SUCCESS\" > \"${SCRIPT_OUTPUT_FILE_0}\"\n";
			showEnvVarsInLog = 0;
		};
		8E0D9227DDB6D414EEEE933D /* [CP] Embed Pods Frameworks */ = {
			isa = PBXShellScriptBuildPhase;
			buildActionMask = 2147483647;
			files = (
			);
			inputPaths = (
				"${PODS_ROOT}/Target Support Files/Pods-MarvelAppUIKit-MarvelAppUIKitUITests/Pods-MarvelAppUIKit-MarvelAppUIKitUITests-frameworks.sh",
				"${BUILT_PRODUCTS_DIR}/Realm/Realm.framework",
				"${BUILT_PRODUCTS_DIR}/RealmSwift/RealmSwift.framework",
			);
			name = "[CP] Embed Pods Frameworks";
			outputPaths = (
				"${TARGET_BUILD_DIR}/${FRAMEWORKS_FOLDER_PATH}/Realm.framework",
				"${TARGET_BUILD_DIR}/${FRAMEWORKS_FOLDER_PATH}/RealmSwift.framework",
			);
			runOnlyForDeploymentPostprocessing = 0;
			shellPath = /bin/sh;
			shellScript = "\"${PODS_ROOT}/Target Support Files/Pods-MarvelAppUIKit-MarvelAppUIKitUITests/Pods-MarvelAppUIKit-MarvelAppUIKitUITests-frameworks.sh\"\n";
			showEnvVarsInLog = 0;
		};
		8FA3B7E310732F2237A68B87 /* [CP] Embed Pods Frameworks */ = {
			isa = PBXShellScriptBuildPhase;
			buildActionMask = 2147483647;
			files = (
			);
			inputPaths = (
				"${PODS_ROOT}/Target Support Files/Pods-MarvelAppUIKit/Pods-MarvelAppUIKit-frameworks.sh",
				"${BUILT_PRODUCTS_DIR}/Realm/Realm.framework",
				"${BUILT_PRODUCTS_DIR}/RealmSwift/RealmSwift.framework",
			);
			name = "[CP] Embed Pods Frameworks";
			outputPaths = (
				"${TARGET_BUILD_DIR}/${FRAMEWORKS_FOLDER_PATH}/Realm.framework",
				"${TARGET_BUILD_DIR}/${FRAMEWORKS_FOLDER_PATH}/RealmSwift.framework",
			);
			runOnlyForDeploymentPostprocessing = 0;
			shellPath = /bin/sh;
			shellScript = "\"${PODS_ROOT}/Target Support Files/Pods-MarvelAppUIKit/Pods-MarvelAppUIKit-frameworks.sh\"\n";
			showEnvVarsInLog = 0;
		};
		D7CCDE505B8698C1D7F00E24 /* [CP] Check Pods Manifest.lock */ = {
			isa = PBXShellScriptBuildPhase;
			buildActionMask = 2147483647;
			files = (
			);
			inputFileListPaths = (
			);
			inputPaths = (
				"${PODS_PODFILE_DIR_PATH}/Podfile.lock",
				"${PODS_ROOT}/Manifest.lock",
			);
			name = "[CP] Check Pods Manifest.lock";
			outputFileListPaths = (
			);
			outputPaths = (
				"$(DERIVED_FILE_DIR)/Pods-MarvelAppUIKitTests-checkManifestLockResult.txt",
			);
			runOnlyForDeploymentPostprocessing = 0;
			shellPath = /bin/sh;
			shellScript = "diff \"${PODS_PODFILE_DIR_PATH}/Podfile.lock\" \"${PODS_ROOT}/Manifest.lock\" > /dev/null\nif [ $? != 0 ] ; then\n    # print error to STDERR\n    echo \"error: The sandbox is not in sync with the Podfile.lock. Run 'pod install' or update your CocoaPods installation.\" >&2\n    exit 1\nfi\n# This output is used by Xcode 'outputs' to avoid re-running this script phase.\necho \"SUCCESS\" > \"${SCRIPT_OUTPUT_FILE_0}\"\n";
			showEnvVarsInLog = 0;
		};
/* End PBXShellScriptBuildPhase section */

/* Begin PBXSourcesBuildPhase section */
		58C7A4482FF6BA5958282561 /* Sources */ = {
			isa = PBXSourcesBuildPhase;
			buildActionMask = 2147483647;
			files = (
				58C7A12BDD521006DF5689F9 /* AppDelegate.swift in Sources */,
				58C7AFA0D50FBCF59B9682D2 /* SceneDelegate.swift in Sources */,
				58C7AC6CB8637BD38BB4292B /* IModule.swift in Sources */,
				58C7AB3FFF0C1E67E777FCC5 /* IPresenter.swift in Sources */,
				58C7AB06286DABF70B8ABFA8 /* IInteraction.swift in Sources */,
				58C7A45FB4A224C2ADB0C62D /* IView.swift in Sources */,
				58C7AB9E4F3AE3031B56D79B /* HeroesModule.swift in Sources */,
				58C7AA8D2EC64AAC8972D6C3 /* HeroesView.swift in Sources */,
				58C7A330DD8AA772014B6240 /* HeroesPresenter.swift in Sources */,
				58C7A52F84F5CA7C9F939766 /* HeroesInteraction.swift in Sources */,
				58C7AE1507027F177B083C5F /* ApiFetcher.swift in Sources */,
				58C7AE86EF3CF52ADB5F7BBD /* ApiRequestType.swift in Sources */,
				58C7A45C0DB8525B6723539E /* ApiConstants.swift in Sources */,
				58C7A2F37B1ACF940CA9A520 /* ApiUrlBuilder.swift in Sources */,
				58C7A88344DDDE51E6823BE9 /* HeroesFetcher.swift in Sources */,
				58C7A7FB8554CA1B7FE5537A /* HeroesService.swift in Sources */,
				58C7A72E155011A58136364A /* HeroesCollectionView.swift in Sources */,
				58C7A47544921B081D7FC9EC /* HeroesCollectionViewCell.swift in Sources */,
				58C7A6D5715B8BCD9DF71B8D /* IViewProps.swift in Sources */,
				58C7A5D34AE036AC81234C4F /* StringExtension.swift in Sources */,
				58C7AE72E544ABB66376DDA5 /* Hero.swift in Sources */,
				58C7A12F21EB1179349B6B58 /* HeroThumbnail.swift in Sources */,
				58C7A582CCF184881237D380 /* HeroesApiResponse.swift in Sources */,
				58C7A159385F6E0FC7F2083B /* HeroesApiResponseData.swift in Sources */,
				58C7A38BE30B6CD66A0A19C2 /* DbStorage.swift in Sources */,
				58C7A6A059B50D792F2FC6CB /* ApiError.swift in Sources */,
				58C7A68B380636D9A47D2812 /* IError.swift in Sources */,
				58C7A66214F16060DD8D0EFD /* DbError.swift in Sources */,
				58C7A08AC105ADC6AA01CCEB /* HeroDbEntity.swift in Sources */,
				58C7A3A09FFDD279A4E2FA8F /* IDbStorage.swift in Sources */,
				58C7ADDE4E821C22D41D2B69 /* ArrayExtension.swift in Sources */,
				58C7A31EE00BD1F5709C63C6 /* AvatarView.swift in Sources */,
				58C7A8F6E5B32B882870AC7C /* HeroThumbnailDbEntity.swift in Sources */,
				58C7ACBC9A75D57943E5AD9E /* ImageFetcher.swift in Sources */,
				58C7A24ACC7BF6D0F66BD74B /* HeroeDetailsView.swift in Sources */,
				58C7A503E320158AF978FD4C /* HeroDetailsModule.swift in Sources */,
				58C7A0C5E4BE3EBDE212AACD /* HeroDetailsInteraction.swift in Sources */,
				58C7A377F4B03E878A79FDCE /* HeroDetailsPresenter.swift in Sources */,
			);
			runOnlyForDeploymentPostprocessing = 0;
		};
		58C7ADE31F039C2EE2AA4533 /* Sources */ = {
			isa = PBXSourcesBuildPhase;
			buildActionMask = 2147483647;
			files = (
				58C7A075C08651A2FFEDCE51 /* MarvelAppUIKitTests.swift in Sources */,
			);
			runOnlyForDeploymentPostprocessing = 0;
		};
		58C7AEFB197C8A51463BDB0F /* Sources */ = {
			isa = PBXSourcesBuildPhase;
			buildActionMask = 2147483647;
			files = (
				58C7AF36D984D1E1DA61A4EB /* MarvelAppUIKitUITests.swift in Sources */,
			);
			runOnlyForDeploymentPostprocessing = 0;
		};
/* End PBXSourcesBuildPhase section */

/* Begin PBXTargetDependency section */
		58C7A047E42FE654F4B04AD9 /* PBXTargetDependency */ = {
			isa = PBXTargetDependency;
			target = 58C7AB4CE7A43FCD2A8CDA1D /* MarvelAppUIKit */;
			targetProxy = 58C7AA064042784AD6E302C0 /* PBXContainerItemProxy */;
		};
		58C7A27D1E36995D6B10D058 /* PBXTargetDependency */ = {
			isa = PBXTargetDependency;
			target = 58C7AB4CE7A43FCD2A8CDA1D /* MarvelAppUIKit */;
			targetProxy = 58C7A546D68BAB25B5C741E0 /* PBXContainerItemProxy */;
		};
/* End PBXTargetDependency section */

/* Begin PBXVariantGroup section */
		58C7A3AA4E61C3DB06270584 /* LaunchScreen.storyboard */ = {
			isa = PBXVariantGroup;
			children = (
				58C7AE03FA88961BD458EC4A /* Base */,
			);
			name = LaunchScreen.storyboard;
			sourceTree = "<group>";
		};
/* End PBXVariantGroup section */

/* Begin XCBuildConfiguration section */
		58C7A0614D13DB66186BBDD9 /* Release */ = {
			isa = XCBuildConfiguration;
			baseConfigurationReference = 2D3DF1BB0EA9B14D9F5D7587 /* Pods-MarvelAppUIKitTests.release.xcconfig */;
			buildSettings = {
				BUNDLE_LOADER = "$(BUILT_PRODUCTS_DIR)/MarvelAppUIKit.app/MarvelAppUIKit";
				INFOPLIST_FILE = MarvelAppUIKitTests/Info.plist;
				LD_RUNPATH_SEARCH_PATHS = "$(inherited) @executable_path/Frameworks @loader_path/Frameworks";
				PRODUCT_BUNDLE_IDENTIFIER = "artem-chernousov.MarvelAppUIKitTests";
				PRODUCT_NAME = "$(TARGET_NAME)";
				SWIFT_VERSION = 5.0;
				TARGETED_DEVICE_FAMILY = "1,2";
				TEST_HOST = "$(BUNDLE_LOADER)";
			};
			name = Release;
		};
		58C7A1996C88C79FC4DCC0D9 /* Release */ = {
			isa = XCBuildConfiguration;
			buildSettings = {
				ALWAYS_SEARCH_USER_PATHS = NO;
				CLANG_ANALYZER_NONNULL = YES;
				CLANG_ANALYZER_NUMBER_OBJECT_CONVERSION = YES_AGGRESSIVE;
				CLANG_CXX_LANGUAGE_STANDARD = "gnu++14";
				CLANG_CXX_LIBRARY = "libc++";
				CLANG_ENABLE_MODULES = YES;
				CLANG_ENABLE_OBJC_ARC = YES;
				CLANG_ENABLE_OBJC_WEAK = YES;
				CLANG_WARN_BLOCK_CAPTURE_AUTORELEASING = YES;
				CLANG_WARN_BOOL_CONVERSION = YES;
				CLANG_WARN_COMMA = YES;
				CLANG_WARN_CONSTANT_CONVERSION = YES;
				CLANG_WARN_DEPRECATED_OBJC_IMPLEMENTATIONS = YES;
				CLANG_WARN_DIRECT_OBJC_ISA_USAGE = YES_ERROR;
				CLANG_WARN_DOCUMENTATION_COMMENTS = YES;
				CLANG_WARN_EMPTY_BODY = YES;
				CLANG_WARN_ENUM_CONVERSION = YES;
				CLANG_WARN_INFINITE_RECURSION = YES;
				CLANG_WARN_INT_CONVERSION = YES;
				CLANG_WARN_NON_LITERAL_NULL_CONVERSION = YES;
				CLANG_WARN_OBJC_IMPLICIT_RETAIN_SELF = YES;
				CLANG_WARN_OBJC_LITERAL_CONVERSION = YES;
				CLANG_WARN_OBJC_ROOT_CLASS = YES_ERROR;
				CLANG_WARN_QUOTED_INCLUDE_IN_FRAMEWORK_HEADER = YES;
				CLANG_WARN_RANGE_LOOP_ANALYSIS = YES;
				CLANG_WARN_STRICT_PROTOTYPES = YES;
				CLANG_WARN_SUSPICIOUS_MOVE = YES;
				CLANG_WARN_UNGUARDED_AVAILABILITY = YES_AGGRESSIVE;
				CLANG_WARN_UNREACHABLE_CODE = YES;
				CLANG_WARN__DUPLICATE_METHOD_MATCH = YES;
				COPY_PHASE_STRIP = NO;
				DEBUG_INFORMATION_FORMAT = "dwarf-with-dsym";
				ENABLE_NS_ASSERTIONS = NO;
				ENABLE_STRICT_OBJC_MSGSEND = YES;
				GCC_C_LANGUAGE_STANDARD = gnu11;
				GCC_NO_COMMON_BLOCKS = YES;
				GCC_WARN_64_TO_32_BIT_CONVERSION = YES;
				GCC_WARN_ABOUT_RETURN_TYPE = YES_ERROR;
				GCC_WARN_UNDECLARED_SELECTOR = YES;
				GCC_WARN_UNINITIALIZED_AUTOS = YES_AGGRESSIVE;
				GCC_WARN_UNUSED_FUNCTION = YES;
				GCC_WARN_UNUSED_VARIABLE = YES;
				IPHONEOS_DEPLOYMENT_TARGET = 14.4;
				MTL_ENABLE_DEBUG_INFO = NO;
				MTL_FAST_MATH = YES;
				SDKROOT = iphoneos;
				SWIFT_COMPILATION_MODE = wholemodule;
				SWIFT_OPTIMIZATION_LEVEL = "-O";
				VALIDATE_PRODUCT = YES;
			};
			name = Release;
		};
		58C7A3D9C04531D511A20307 /* Debug */ = {
			isa = XCBuildConfiguration;
			buildSettings = {
				ALWAYS_SEARCH_USER_PATHS = NO;
				CLANG_ANALYZER_NONNULL = YES;
				CLANG_ANALYZER_NUMBER_OBJECT_CONVERSION = YES_AGGRESSIVE;
				CLANG_CXX_LANGUAGE_STANDARD = "gnu++14";
				CLANG_CXX_LIBRARY = "libc++";
				CLANG_ENABLE_MODULES = YES;
				CLANG_ENABLE_OBJC_ARC = YES;
				CLANG_ENABLE_OBJC_WEAK = YES;
				CLANG_WARN_BLOCK_CAPTURE_AUTORELEASING = YES;
				CLANG_WARN_BOOL_CONVERSION = YES;
				CLANG_WARN_COMMA = YES;
				CLANG_WARN_CONSTANT_CONVERSION = YES;
				CLANG_WARN_DEPRECATED_OBJC_IMPLEMENTATIONS = YES;
				CLANG_WARN_DIRECT_OBJC_ISA_USAGE = YES_ERROR;
				CLANG_WARN_DOCUMENTATION_COMMENTS = YES;
				CLANG_WARN_EMPTY_BODY = YES;
				CLANG_WARN_ENUM_CONVERSION = YES;
				CLANG_WARN_INFINITE_RECURSION = YES;
				CLANG_WARN_INT_CONVERSION = YES;
				CLANG_WARN_NON_LITERAL_NULL_CONVERSION = YES;
				CLANG_WARN_OBJC_IMPLICIT_RETAIN_SELF = YES;
				CLANG_WARN_OBJC_LITERAL_CONVERSION = YES;
				CLANG_WARN_OBJC_ROOT_CLASS = YES_ERROR;
				CLANG_WARN_QUOTED_INCLUDE_IN_FRAMEWORK_HEADER = YES;
				CLANG_WARN_RANGE_LOOP_ANALYSIS = YES;
				CLANG_WARN_STRICT_PROTOTYPES = YES;
				CLANG_WARN_SUSPICIOUS_MOVE = YES;
				CLANG_WARN_UNGUARDED_AVAILABILITY = YES_AGGRESSIVE;
				CLANG_WARN_UNREACHABLE_CODE = YES;
				CLANG_WARN__DUPLICATE_METHOD_MATCH = YES;
				COPY_PHASE_STRIP = NO;
				DEBUG_INFORMATION_FORMAT = dwarf;
				ENABLE_STRICT_OBJC_MSGSEND = YES;
				ENABLE_TESTABILITY = YES;
				GCC_C_LANGUAGE_STANDARD = gnu11;
				GCC_DYNAMIC_NO_PIC = NO;
				GCC_NO_COMMON_BLOCKS = YES;
				GCC_OPTIMIZATION_LEVEL = 0;
				GCC_PREPROCESSOR_DEFINITIONS = (
					"DEBUG=1",
					"$(inherited)",
				);
				GCC_WARN_64_TO_32_BIT_CONVERSION = YES;
				GCC_WARN_ABOUT_RETURN_TYPE = YES_ERROR;
				GCC_WARN_UNDECLARED_SELECTOR = YES;
				GCC_WARN_UNINITIALIZED_AUTOS = YES_AGGRESSIVE;
				GCC_WARN_UNUSED_FUNCTION = YES;
				GCC_WARN_UNUSED_VARIABLE = YES;
				IPHONEOS_DEPLOYMENT_TARGET = 14.4;
				MTL_ENABLE_DEBUG_INFO = INCLUDE_SOURCE;
				MTL_FAST_MATH = YES;
				ONLY_ACTIVE_ARCH = YES;
				SDKROOT = iphoneos;
				SWIFT_ACTIVE_COMPILATION_CONDITIONS = DEBUG;
				SWIFT_OPTIMIZATION_LEVEL = "-Onone";
			};
			name = Debug;
		};
		58C7A47C9E27F7542F911033 /* Debug */ = {
			isa = XCBuildConfiguration;
			baseConfigurationReference = 2833A9E1A8E06F63F14353AB /* Pods-MarvelAppUIKit.debug.xcconfig */;
			buildSettings = {
				ASSETCATALOG_COMPILER_APPICON_NAME = AppIcon;
				ASSETCATALOG_COMPILER_GLOBAL_ACCENT_COLOR_NAME = AccentColor;
				INFOPLIST_FILE = MarvelAppUIKit/Info.plist;
				LD_RUNPATH_SEARCH_PATHS = "$(inherited) @executable_path/Frameworks";
				PRODUCT_BUNDLE_IDENTIFIER = "artem-chernousov.MarvelAppUIKit";
				PRODUCT_NAME = "$(TARGET_NAME)";
				SWIFT_VERSION = 5.0;
				TARGETED_DEVICE_FAMILY = "1,2";
			};
			name = Debug;
		};
		58C7A5ACE38D8019ED21BA5E /* Debug */ = {
			isa = XCBuildConfiguration;
			baseConfigurationReference = 06835DC24CD3CA3903998471 /* Pods-MarvelAppUIKit-MarvelAppUIKitUITests.debug.xcconfig */;
			buildSettings = {
				INFOPLIST_FILE = MarvelAppUIKitUITests/Info.plist;
				LD_RUNPATH_SEARCH_PATHS = "$(inherited) @executable_path/Frameworks @loader_path/Frameworks";
				PRODUCT_BUNDLE_IDENTIFIER = "artem-chernousov.MarvelAppUIKitUITests";
				PRODUCT_NAME = "$(TARGET_NAME)";
				SWIFT_VERSION = 5.0;
				TARGETED_DEVICE_FAMILY = "1,2";
				TEST_TARGET_NAME = MarvelAppUIKit;
			};
			name = Debug;
		};
		58C7A9D45DBCE3D47885579D /* Release */ = {
			isa = XCBuildConfiguration;
			baseConfigurationReference = E4F4A7950BE15C552215BF09 /* Pods-MarvelAppUIKit.release.xcconfig */;
			buildSettings = {
				ASSETCATALOG_COMPILER_APPICON_NAME = AppIcon;
				ASSETCATALOG_COMPILER_GLOBAL_ACCENT_COLOR_NAME = AccentColor;
				INFOPLIST_FILE = MarvelAppUIKit/Info.plist;
				LD_RUNPATH_SEARCH_PATHS = "$(inherited) @executable_path/Frameworks";
				PRODUCT_BUNDLE_IDENTIFIER = "artem-chernousov.MarvelAppUIKit";
				PRODUCT_NAME = "$(TARGET_NAME)";
				SWIFT_VERSION = 5.0;
				TARGETED_DEVICE_FAMILY = "1,2";
			};
			name = Release;
		};
		58C7AACE241B052046F68E85 /* Debug */ = {
			isa = XCBuildConfiguration;
			baseConfigurationReference = 57B1F3093C83933304366230 /* Pods-MarvelAppUIKitTests.debug.xcconfig */;
			buildSettings = {
				BUNDLE_LOADER = "$(BUILT_PRODUCTS_DIR)/MarvelAppUIKit.app/MarvelAppUIKit";
				INFOPLIST_FILE = MarvelAppUIKitTests/Info.plist;
				LD_RUNPATH_SEARCH_PATHS = "$(inherited) @executable_path/Frameworks @loader_path/Frameworks";
				PRODUCT_BUNDLE_IDENTIFIER = "artem-chernousov.MarvelAppUIKitTests";
				PRODUCT_NAME = "$(TARGET_NAME)";
				SWIFT_VERSION = 5.0;
				TARGETED_DEVICE_FAMILY = "1,2";
				TEST_HOST = "$(BUNDLE_LOADER)";
			};
			name = Debug;
		};
		58C7AD8DE82167E4248D7FCD /* Release */ = {
			isa = XCBuildConfiguration;
			baseConfigurationReference = 9F87B31D48940E605E8761C6 /* Pods-MarvelAppUIKit-MarvelAppUIKitUITests.release.xcconfig */;
			buildSettings = {
				INFOPLIST_FILE = MarvelAppUIKitUITests/Info.plist;
				LD_RUNPATH_SEARCH_PATHS = "$(inherited) @executable_path/Frameworks @loader_path/Frameworks";
				PRODUCT_BUNDLE_IDENTIFIER = "artem-chernousov.MarvelAppUIKitUITests";
				PRODUCT_NAME = "$(TARGET_NAME)";
				SWIFT_VERSION = 5.0;
				TARGETED_DEVICE_FAMILY = "1,2";
				TEST_TARGET_NAME = MarvelAppUIKit;
			};
			name = Release;
		};
/* End XCBuildConfiguration section */

/* Begin XCConfigurationList section */
		58C7A186BF9C840BFA53B5C5 /* Build configuration list for PBXNativeTarget "MarvelAppUIKitTests" */ = {
			isa = XCConfigurationList;
			buildConfigurations = (
				58C7AACE241B052046F68E85 /* Debug */,
				58C7A0614D13DB66186BBDD9 /* Release */,
			);
			defaultConfigurationIsVisible = 0;
		};
		58C7A5B895966AAB247DF0E9 /* Build configuration list for PBXNativeTarget "MarvelAppUIKit" */ = {
			isa = XCConfigurationList;
			buildConfigurations = (
				58C7A47C9E27F7542F911033 /* Debug */,
				58C7A9D45DBCE3D47885579D /* Release */,
			);
			defaultConfigurationIsVisible = 0;
		};
		58C7A9C7A3B32FBE902227FD /* Build configuration list for PBXNativeTarget "MarvelAppUIKitUITests" */ = {
			isa = XCConfigurationList;
			buildConfigurations = (
				58C7A5ACE38D8019ED21BA5E /* Debug */,
				58C7AD8DE82167E4248D7FCD /* Release */,
			);
			defaultConfigurationIsVisible = 0;
		};
		58C7AE610016A80A389CFABF /* Build configuration list for PBXProject "MarvelAppUIKit" */ = {
			isa = XCConfigurationList;
			buildConfigurations = (
				58C7A3D9C04531D511A20307 /* Debug */,
				58C7A1996C88C79FC4DCC0D9 /* Release */,
			);
			defaultConfigurationIsVisible = 0;
			defaultConfigurationName = Release;
		};
/* End XCConfigurationList section */
	};
	rootObject = 58C7A3CEC3CDF04F543CD07C /* Project object */;
}
